Microsoft Visual Studio Solution File, Format Version 12.00
# Visual Studio Version 17
VisualStudioVersion = 17.5.2.0
MinimumVisualStudioVersion = 10.0.40219.1
Project("{FAE04EC0-301F-11D3-BF4B-00C04F79EFBC}") = "CandyApi", "CandyApi.csproj", "{52E467A8-D2AB-B4FB-6868-B7A93908605E}"
EndProject
Global
	GlobalSection(SolutionConfigurationPlatforms) = preSolution
		Debug|Any CPU = Debug|Any CPU
		Release|Any CPU = Release|Any CPU
	EndGlobalSection
	GlobalSection(ProjectConfigurationPlatforms) = postSolution
		{52E467A8-D2AB-B4FB-6868-B7A93908605E}.Debug|Any CPU.ActiveCfg = Debug|Any CPU
		{52E467A8-D2AB-B4FB-6868-B7A93908605E}.Debug|Any CPU.Build.0 = Debug|Any CPU
		{52E467A8-D2AB-B4FB-6868-B7A93908605E}.Release|Any CPU.ActiveCfg = Release|Any CPU
		{52E467A8-D2AB-B4FB-6868-B7A93908605E}.Release|Any CPU.Build.0 = Release|Any CPU
	EndGlobalSection
	GlobalSection(SolutionProperties) = preSolution
		HideSolutionNode = FALSE
	EndGlobalSection
	GlobalSection(ExtensibilityGlobals) = postSolution
		SolutionGuid = {080F4073-5A89-44A6-8C31-D64B514D5214}
	EndGlobalSection
EndGlobal
